
Microsoft Visual Studio Solution File, Format Version 12.00
Project("{2150E333-8FDC-42A3-9474-1A3956D46DE8}") = "CQRS-ES", "CQRS-ES", "{5B16C5C3-D26F-43DF-8794-0258F2F41197}"
EndProject
Project("{2150E333-8FDC-42A3-9474-1A3956D46DE8}") = "SM-Post", "SM-Post", "{3E9BB084-035F-46B6-A991-9B22502620FC}"
EndProject
Project("{2150E333-8FDC-42A3-9474-1A3956D46DE8}") = "Post.Cmd", "Post.Cmd", "{B551F049-1466-4AC5-BDED-677323D1E2AC}"
EndProject
Project("{2150E333-8FDC-42A3-9474-1A3956D46DE8}") = "Post.Query", "Post.Query", "{E310EA35-756A-4C48-B426-C5FBAF1D1480}"
EndProject
Project("{FAE04EC0-301F-11D3-BF4B-00C04F79EFBC}") = "CQRS.Core", "CQRS-ES\CQRS.Core\CQRS.Core.csproj", "{C9820D24-F491-4DE2-900D-947F1B7CCD91}"
EndProject
Project("{FAE04EC0-301F-11D3-BF4B-00C04F79EFBC}") = "Post.Cmd.Api", "SM-Post\Post.Cmd\Post.Cmd.Api\Post.Cmd.Api.csproj", "{94FD39A2-2706-42DE-892E-7880A7907B1E}"
EndProject
Project("{FAE04EC0-301F-11D3-BF4B-00C04F79EFBC}") = "Post.Cmd.Domain", "SM-Post\Post.Cmd\Post.Cmd.Domain\Post.Cmd.Domain.csproj", "{FA070AE1-A6EF-40E3-9D9D-B67B074ABBE7}"
EndProject
Project("{FAE04EC0-301F-11D3-BF4B-00C04F79EFBC}") = "Post.Cmd.Infrastructure", "SM-Post\Post.Cmd\Post.Cmd.Infrastructure\Post.Cmd.Infrastructure.csproj", "{DBCD16E3-FEF5-4989-9E2F-FB804114921C}"
EndProject
Project("{FAE04EC0-301F-11D3-BF4B-00C04F79EFBC}") = "Post.Query.Api", "SM-Post\Post.Query\Post.Query.Api\Post.Query.Api.csproj", "{FAE31B6F-B032-4D7C-BDAE-5E260A2F9D7D}"
EndProject
Project("{FAE04EC0-301F-11D3-BF4B-00C04F79EFBC}") = "Post.Query.Domain", "SM-Post\Post.Query\Post.Query.Domain\Post.Query.Domain.csproj", "{79EFCC50-5030-4FBA-B60E-3655B37D786B}"
EndProject
Project("{FAE04EC0-301F-11D3-BF4B-00C04F79EFBC}") = "Post.Query.Infrastructure", "SM-Post\Post.Query\Post.Query.Infrastructure\Post.Query.Infrastructure.csproj", "{A92B6762-69A9-480D-B7EB-7AC0F68D2153}"
EndProject
Project("{FAE04EC0-301F-11D3-BF4B-00C04F79EFBC}") = "Post.Common", "SM-Post\Post.Common\Post.Common\Post.Common.csproj", "{5DE09C14-9AA3-4F1C-929C-A673865CC97D}"
EndProject
Project("{2150E333-8FDC-42A3-9474-1A3956D46DE8}") = "Post.Common", "Post.Common", "{252AC344-3665-4934-A502-7D17738D16B2}"
EndProject
Global
	GlobalSection(SolutionConfigurationPlatforms) = preSolution
		Debug|Any CPU = Debug|Any CPU
		Release|Any CPU = Release|Any CPU
	EndGlobalSection
	GlobalSection(NestedProjects) = preSolution
		{B551F049-1466-4AC5-BDED-677323D1E2AC} = {3E9BB084-035F-46B6-A991-9B22502620FC}
		{E310EA35-756A-4C48-B426-C5FBAF1D1480} = {3E9BB084-035F-46B6-A991-9B22502620FC}
		{C9820D24-F491-4DE2-900D-947F1B7CCD91} = {5B16C5C3-D26F-43DF-8794-0258F2F41197}
		{94FD39A2-2706-42DE-892E-7880A7907B1E} = {B551F049-1466-4AC5-BDED-677323D1E2AC}
		{FA070AE1-A6EF-40E3-9D9D-B67B074ABBE7} = {B551F049-1466-4AC5-BDED-677323D1E2AC}
		{DBCD16E3-FEF5-4989-9E2F-FB804114921C} = {B551F049-1466-4AC5-BDED-677323D1E2AC}
		{FAE31B6F-B032-4D7C-BDAE-5E260A2F9D7D} = {E310EA35-756A-4C48-B426-C5FBAF1D1480}
		{79EFCC50-5030-4FBA-B60E-3655B37D786B} = {E310EA35-756A-4C48-B426-C5FBAF1D1480}
		{A92B6762-69A9-480D-B7EB-7AC0F68D2153} = {E310EA35-756A-4C48-B426-C5FBAF1D1480}
		{252AC344-3665-4934-A502-7D17738D16B2} = {3E9BB084-035F-46B6-A991-9B22502620FC}
		{5DE09C14-9AA3-4F1C-929C-A673865CC97D} = {252AC344-3665-4934-A502-7D17738D16B2}
	EndGlobalSection
	GlobalSection(ProjectConfigurationPlatforms) = postSolution
		{C9820D24-F491-4DE2-900D-947F1B7CCD91}.Debug|Any CPU.ActiveCfg = Debug|Any CPU
		{C9820D24-F491-4DE2-900D-947F1B7CCD91}.Debug|Any CPU.Build.0 = Debug|Any CPU
		{C9820D24-F491-4DE2-900D-947F1B7CCD91}.Release|Any CPU.ActiveCfg = Release|Any CPU
		{C9820D24-F491-4DE2-900D-947F1B7CCD91}.Release|Any CPU.Build.0 = Release|Any CPU
		{94FD39A2-2706-42DE-892E-7880A7907B1E}.Debug|Any CPU.ActiveCfg = Debug|Any CPU
		{94FD39A2-2706-42DE-892E-7880A7907B1E}.Debug|Any CPU.Build.0 = Debug|Any CPU
		{94FD39A2-2706-42DE-892E-7880A7907B1E}.Release|Any CPU.ActiveCfg = Release|Any CPU
		{94FD39A2-2706-42DE-892E-7880A7907B1E}.Release|Any CPU.Build.0 = Release|Any CPU
		{FA070AE1-A6EF-40E3-9D9D-B67B074ABBE7}.Debug|Any CPU.ActiveCfg = Debug|Any CPU
		{FA070AE1-A6EF-40E3-9D9D-B67B074ABBE7}.Debug|Any CPU.Build.0 = Debug|Any CPU
		{FA070AE1-A6EF-40E3-9D9D-B67B074ABBE7}.Release|Any CPU.ActiveCfg = Release|Any CPU
		{FA070AE1-A6EF-40E3-9D9D-B67B074ABBE7}.Release|Any CPU.Build.0 = Release|Any CPU
		{DBCD16E3-FEF5-4989-9E2F-FB804114921C}.Debug|Any CPU.ActiveCfg = Debug|Any CPU
		{DBCD16E3-FEF5-4989-9E2F-FB804114921C}.Debug|Any CPU.Build.0 = Debug|Any CPU
		{DBCD16E3-FEF5-4989-9E2F-FB804114921C}.Release|Any CPU.ActiveCfg = Release|Any CPU
		{DBCD16E3-FEF5-4989-9E2F-FB804114921C}.Release|Any CPU.Build.0 = Release|Any CPU
		{FAE31B6F-B032-4D7C-BDAE-5E260A2F9D7D}.Debug|Any CPU.ActiveCfg = Debug|Any CPU
		{FAE31B6F-B032-4D7C-BDAE-5E260A2F9D7D}.Debug|Any CPU.Build.0 = Debug|Any CPU
		{FAE31B6F-B032-4D7C-BDAE-5E260A2F9D7D}.Release|Any CPU.ActiveCfg = Release|Any CPU
		{FAE31B6F-B032-4D7C-BDAE-5E260A2F9D7D}.Release|Any CPU.Build.0 = Release|Any CPU
		{79EFCC50-5030-4FBA-B60E-3655B37D786B}.Debug|Any CPU.ActiveCfg = Debug|Any CPU
		{79EFCC50-5030-4FBA-B60E-3655B37D786B}.Debug|Any CPU.Build.0 = Debug|Any CPU
		{79EFCC50-5030-4FBA-B60E-3655B37D786B}.Release|Any CPU.ActiveCfg = Release|Any CPU
		{79EFCC50-5030-4FBA-B60E-3655B37D786B}.Release|Any CPU.Build.0 = Release|Any CPU
		{A92B6762-69A9-480D-B7EB-7AC0F68D2153}.Debug|Any CPU.ActiveCfg = Debug|Any CPU
		{A92B6762-69A9-480D-B7EB-7AC0F68D2153}.Debug|Any CPU.Build.0 = Debug|Any CPU
		{A92B6762-69A9-480D-B7EB-7AC0F68D2153}.Release|Any CPU.ActiveCfg = Release|Any CPU
		{A92B6762-69A9-480D-B7EB-7AC0F68D2153}.Release|Any CPU.Build.0 = Release|Any CPU
		{5DE09C14-9AA3-4F1C-929C-A673865CC97D}.Debug|Any CPU.ActiveCfg = Debug|Any CPU
		{5DE09C14-9AA3-4F1C-929C-A673865CC97D}.Debug|Any CPU.Build.0 = Debug|Any CPU
		{5DE09C14-9AA3-4F1C-929C-A673865CC97D}.Release|Any CPU.ActiveCfg = Release|Any CPU
		{5DE09C14-9AA3-4F1C-929C-A673865CC97D}.Release|Any CPU.Build.0 = Release|Any CPU
	EndGlobalSection
EndGlobal
